
Microsoft Visual Studio Solution File, Format Version 12.00
Project("{FAE04EC0-301F-11D3-BF4B-00C04F79EFBC}") = "TestJob", "TestJob.csproj", "{C8FF9202-F6D9-446B-BCF5-F424AB99B75B}"
EndProject
Project("{2150E333-8FDC-42A3-9474-1A3956D46DE8}") = "Solution Items", "Solution Items", "{A852FF0A-6CD2-42E5-A8AD-AF26E19E16D0}"
	ProjectSection(SolutionItems) = preProject
		compose.yml = compose.yml
	EndProjectSection
EndProject
Global
	GlobalSection(SolutionConfigurationPlatforms) = preSolution
		Debug|Any CPU = Debug|Any CPU
		Release|Any CPU = Release|Any CPU
	EndGlobalSection
	GlobalSection(ProjectConfigurationPlatforms) = postSolution
		{C8FF9202-F6D9-446B-BCF5-F424AB99B75B}.Debug|Any CPU.ActiveCfg = Debug|Any CPU
		{C8FF9202-F6D9-446B-BCF5-F424AB99B75B}.Debug|Any CPU.Build.0 = Debug|Any CPU
		{C8FF9202-F6D9-446B-BCF5-F424AB99B75B}.Release|Any CPU.ActiveCfg = Release|Any CPU
		{C8FF9202-F6D9-446B-BCF5-F424AB99B75B}.Release|Any CPU.Build.0 = Release|Any CPU
	EndGlobalSection
EndGlobal
